<?xml version="1.0" encoding="utf-8"?>
<Project ToolsVersion="4.0" xmlns="http://schemas.microsoft.com/developer/msbuild/2003">
  <ItemGroup>
    <Filter Include="artificial_life">
      <UniqueIdentifier>{2abab901-a990-4c6c-a837-97c4286347c8}</UniqueIdentifier>
    </Filter>
    <Filter Include="artificial_life\UNUSED">
      <UniqueIdentifier>{75e3622e-2414-475b-b608-9aa16b13a4bf}</UniqueIdentifier>
    </Filter>
    <Filter Include="circle_fitting">
      <UniqueIdentifier>{ef87a455-beb0-4220-95e1-56e781ca028d}</UniqueIdentifier>
    </Filter>
    <Filter Include="artificial_life\ui">
      <UniqueIdentifier>{53fa4198-f969-4211-8467-6b2c71159d30}</UniqueIdentifier>
    </Filter>
    <Filter Include="artificial_life\agent">
      <UniqueIdentifier>{8fc63020-3ce5-400c-ad6b-0832e4f8470d}</UniqueIdentifier>
    </Filter>
    <Filter Include="artificial_life\brain">
      <UniqueIdentifier>{7bfc2550-986a-43e4-893c-8ffe1aff9a78}</UniqueIdentifier>
    </Filter>
    <Filter Include="artificial_life\food">
      <UniqueIdentifier>{f57134b1-3895-481a-8077-d5113b7a1911}</UniqueIdentifier>
    </Filter>
    <Filter Include="artificial_life\genome">
      <UniqueIdentifier>{a7ef11a2-9099-4e3c-88b9-1afea295fdfc}</UniqueIdentifier>
    </Filter>
    <Filter Include="Source Files">
      <UniqueIdentifier>{4FC737F1-C7A5-4376-A066-2A32D752A2FF}</UniqueIdentifier>
      <Extensions>cpp;c;cc;cxx;def;odl;idl;hpj;bat;asm;asmx</Extensions>
    </Filter>
    <Filter Include="graphics_tests">
      <UniqueIdentifier>{cf355036-1860-4aa3-ab60-aa79732a396c}</UniqueIdentifier>
    </Filter>
    <Filter Include="artificial_life\graphics">
      <UniqueIdentifier>{ddae343a-36df-4451-a49b-379f0f2fb968}</UniqueIdentifier>
    </Filter>
    <Filter Include="artificial_life\replays">
      <UniqueIdentifier>{6d63cf44-b7ae-4258-983a-36f1660b60cf}</UniqueIdentifier>
    </Filter>
  </ItemGroup>
  <ItemGroup>
    <ClCompile Include="..\src\main.cpp">
      <Filter>Source Files</Filter>
    </ClCompile>
    <ClCompile Include="..\src\artificial_life\Camera.cpp">
      <Filter>artificial_life</Filter>
    </ClCompile>
    <ClCompile Include="..\src\artificial_life\FittestList.cpp">
      <Filter>artificial_life</Filter>
    </ClCompile>
    <ClCompile Include="..\src\artificial_life\Simulation.cpp">
      <Filter>artificial_life</Filter>
    </ClCompile>
    <ClCompile Include="..\src\artificial_life\SimulationParams.cpp">
      <Filter>artificial_life</Filter>
    </ClCompile>
    <ClCompile Include="..\src\artificial_life\Agent.cpp">
      <Filter>artificial_life\agent</Filter>
    </ClCompile>
    <ClCompile Include="..\src\artificial_life\Brain.cpp">
      <Filter>artificial_life\brain</Filter>
    </ClCompile>
    <ClCompile Include="..\src\artificial_life\BrainRenderer.cpp">
      <Filter>artificial_life\brain</Filter>
    </ClCompile>
    <ClCompile Include="..\src\artificial_life\GraphPanel.cpp">
      <Filter>artificial_life\ui</Filter>
    </ClCompile>
    <ClCompile Include="..\src\artificial_life\Food.cpp">
      <Filter>artificial_life\food</Filter>
    </ClCompile>
    <ClCompile Include="..\src\artificial_life\NeuronModel.cpp">
      <Filter>artificial_life\brain</Filter>
    </ClCompile>
    <ClCompile Include="..\src\artificial_life\Neuron.cpp">
      <Filter>artificial_life\brain</Filter>
    </ClCompile>
    <ClCompile Include="..\src\artificial_life\OldGenome.cpp">
      <Filter>artificial_life\UNUSED</Filter>
    </ClCompile>
    <ClCompile Include="..\src\artificial_life\Retina.cpp">
      <Filter>artificial_life\agent</Filter>
    </ClCompile>
    <ClCompile Include="..\src\artificial_life\BrainGenome.cpp">
      <Filter>artificial_life\genome</Filter>
    </ClCompile>
    <ClCompile Include="..\src\artificial_life\Genome.cpp">
      <Filter>artificial_life\genome</Filter>
    </ClCompile>
    <ClCompile Include="..\src\circle_fitting\CircleAIApp.cpp">
      <Filter>circle_fitting</Filter>
    </ClCompile>
    <ClCompile Include="..\src\circle_fitting\CircleGenome.cpp">
      <Filter>circle_fitting</Filter>
    </ClCompile>
    <ClCompile Include="..\src\graphics_tests\GraphicsTestApp.cpp">
      <Filter>graphics_tests</Filter>
    </ClCompile>
    <ClCompile Include="..\src\artificial_life\WorldRenderer.cpp">
      <Filter>artificial_life\graphics</Filter>
    </ClCompile>
    <ClCompile Include="..\src\artificial_life\ReplayRecorder.cpp">
      <Filter>artificial_life\replays</Filter>
    </ClCompile>
    <ClCompile Include="..\src\artificial_life\ReplayViewer.cpp">
      <Filter>artificial_life\replays</Filter>
    </ClCompile>
    <ClCompile Include="..\src\artificial_life\SimulationApp.cpp">
      <Filter>artificial_life</Filter>
    </ClCompile>
  </ItemGroup>
  <ItemGroup>
    <ClInclude Include="..\src\artificial_life\Camera.h">
      <Filter>artificial_life</Filter>
    </ClInclude>
    <ClInclude Include="..\src\artificial_life\FittestList.h">
      <Filter>artificial_life</Filter>
    </ClInclude>
    <ClInclude Include="..\src\artificial_life\Simulation.h">
      <Filter>artificial_life</Filter>
    </ClInclude>
    <ClInclude Include="..\src\artificial_life\SimulationParams.h">
      <Filter>artificial_life</Filter>
    </ClInclude>
    <ClInclude Include="..\src\artificial_life\Agent.h">
      <Filter>artificial_life\agent</Filter>
    </ClInclude>
    <ClInclude Include="..\src\artificial_life\Brain.h">
      <Filter>artificial_life\brain</Filter>
    </ClInclude>
    <ClInclude Include="..\src\artificial_life\BrainRenderer.h">
      <Filter>artificial_life\brain</Filter>
    </ClInclude>
    <ClInclude Include="..\src\artificial_life\GraphPanel.h">
      <Filter>artificial_life\ui</Filter>
    </ClInclude>
    <ClInclude Include="..\src\artificial_life\Food.h">
      <Filter>artificial_life\food</Filter>
    </ClInclude>
    <ClInclude Include="..\src\artificial_life\NeuronModel.h">
      <Filter>artificial_life\brain</Filter>
    </ClInclude>
    <ClInclude Include="..\src\artificial_life\NeuronType.h">
      <Filter>artificial_life\brain</Filter>
    </ClInclude>
    <ClInclude Include="..\src\artificial_life\Neuron.h">
      <Filter>artificial_life\brain</Filter>
    </ClInclude>
    <ClInclude Include="..\src\artificial_life\OldGenome.h">
      <Filter>artificial_life\UNUSED</Filter>
    </ClInclude>
    <ClInclude Include="..\src\artificial_life\Retina.h">
      <Filter>artificial_life\agent</Filter>
    </ClInclude>
    <ClInclude Include="..\src\artificial_life\BrainGenome.h">
      <Filter>artificial_life\genome</Filter>
    </ClInclude>
    <ClInclude Include="..\src\artificial_life\Genome.h">
      <Filter>artificial_life\genome</Filter>
    </ClInclude>
    <ClInclude Include="..\src\circle_fitting\CircleAIApp.h">
      <Filter>circle_fitting</Filter>
    </ClInclude>
    <ClInclude Include="..\src\circle_fitting\CircleGenome.h">
      <Filter>circle_fitting</Filter>
    </ClInclude>
    <ClInclude Include="..\src\graphics_tests\GraphicsTestApp.h">
      <Filter>graphics_tests</Filter>
    </ClInclude>
    <ClInclude Include="..\src\artificial_life\WorldRenderer.h">
      <Filter>artificial_life\graphics</Filter>
    </ClInclude>
    <ClInclude Include="..\src\artificial_life\ReplayRecorder.h">
      <Filter>artificial_life\replays</Filter>
    </ClInclude>
    <ClInclude Include="..\src\artificial_life\ReplayViewer.h">
      <Filter>artificial_life\replays</Filter>
    </ClInclude>
    <ClInclude Include="..\src\artificial_life\SimulationApp.h">
      <Filter>artificial_life</Filter>
    </ClInclude>
  </ItemGroup>
</Project>