<?xml version="1.0" encoding="utf-8"?>
<Project ToolsVersion="4.0" xmlns="http://schemas.microsoft.com/developer/msbuild/2003">
  <ItemGroup>
    <Filter Include="artificial_life">
      <UniqueIdentifier>{2abab901-a990-4c6c-a837-97c4286347c8}</UniqueIdentifier>
    </Filter>
    <Filter Include="artificial_life\agent">
      <UniqueIdentifier>{8fc63020-3ce5-400c-ad6b-0832e4f8470d}</UniqueIdentifier>
    </Filter>
    <Filter Include="artificial_life\brain">
      <UniqueIdentifier>{7bfc2550-986a-43e4-893c-8ffe1aff9a78}</UniqueIdentifier>
    </Filter>
    <Filter Include="artificial_life\food">
      <UniqueIdentifier>{f57134b1-3895-481a-8077-d5113b7a1911}</UniqueIdentifier>
    </Filter>
    <Filter Include="artificial_life\genome">
      <UniqueIdentifier>{a7ef11a2-9099-4e3c-88b9-1afea295fdfc}</UniqueIdentifier>
    </Filter>
    <Filter Include="artificial_life\graphics">
      <UniqueIdentifier>{ddae343a-36df-4451-a49b-379f0f2fb968}</UniqueIdentifier>
    </Filter>
    <Filter Include="artificial_life\replays">
      <UniqueIdentifier>{6d63cf44-b7ae-4258-983a-36f1660b60cf}</UniqueIdentifier>
    </Filter>
    <Filter Include="artificial_life\Source Files">
      <UniqueIdentifier>{a1c423af-6608-412e-aa5a-37f1517818d0}</UniqueIdentifier>
    </Filter>
  </ItemGroup>
  <ItemGroup>
    <ClCompile Include="..\src\ArtificialLife\agent\Agent.cpp">
      <Filter>artificial_life\agent</Filter>
    </ClCompile>
    <ClCompile Include="..\src\ArtificialLife\agent\Retina.cpp">
      <Filter>artificial_life\agent</Filter>
    </ClCompile>
    <ClCompile Include="..\src\ArtificialLife\brain\Brain.cpp">
      <Filter>artificial_life\brain</Filter>
    </ClCompile>
    <ClCompile Include="..\src\ArtificialLife\brain\NeuronModel.cpp">
      <Filter>artificial_life\brain</Filter>
    </ClCompile>
    <ClCompile Include="..\src\ArtificialLife\food\Food.cpp">
      <Filter>artificial_life\food</Filter>
    </ClCompile>
    <ClCompile Include="..\src\ArtificialLife\genome\BrainGenome.cpp">
      <Filter>artificial_life\genome</Filter>
    </ClCompile>
    <ClCompile Include="..\src\ArtificialLife\genome\Genome.cpp">
      <Filter>artificial_life\genome</Filter>
    </ClCompile>
    <ClCompile Include="..\src\ArtificialLife\Camera.cpp">
      <Filter>artificial_life\Source Files</Filter>
    </ClCompile>
    <ClCompile Include="..\src\ArtificialLife\FittestList.cpp">
      <Filter>artificial_life\Source Files</Filter>
    </ClCompile>
    <ClCompile Include="..\src\ArtificialLife\Simulation.cpp">
      <Filter>artificial_life\Source Files</Filter>
    </ClCompile>
    <ClCompile Include="..\src\ArtificialLife\SimulationParams.cpp">
      <Filter>artificial_life\Source Files</Filter>
    </ClCompile>
    <ClCompile Include="..\src\ArtificialLife\WorldRenderer.cpp">
      <Filter>artificial_life\graphics</Filter>
    </ClCompile>
    <ClCompile Include="..\src\ArtificialLife\ReplayRecorder.cpp">
      <Filter>artificial_life\replays</Filter>
    </ClCompile>
    <ClCompile Include="..\src\ArtificialLife\brain\Nerve.cpp">
      <Filter>artificial_life\brain</Filter>
    </ClCompile>
    <ClCompile Include="..\src\ArtificialLife\brain\NervousSystem.cpp">
      <Filter>artificial_life\brain</Filter>
    </ClCompile>
  </ItemGroup>
  <ItemGroup>
    <ClInclude Include="..\src\ArtificialLife\agent\Agent.h">
      <Filter>artificial_life\agent</Filter>
    </ClInclude>
    <ClInclude Include="..\src\ArtificialLife\agent\Retina.h">
      <Filter>artificial_life\agent</Filter>
    </ClInclude>
    <ClInclude Include="..\src\ArtificialLife\brain\Brain.h">
      <Filter>artificial_life\brain</Filter>
    </ClInclude>
    <ClInclude Include="..\src\ArtificialLife\brain\NeuronModel.h">
      <Filter>artificial_life\brain</Filter>
    </ClInclude>
    <ClInclude Include="..\src\ArtificialLife\brain\NeuronType.h">
      <Filter>artificial_life\brain</Filter>
    </ClInclude>
    <ClInclude Include="..\src\ArtificialLife\food\Food.h">
      <Filter>artificial_life\food</Filter>
    </ClInclude>
    <ClInclude Include="..\src\ArtificialLife\genome\BrainGenome.h">
      <Filter>artificial_life\genome</Filter>
    </ClInclude>
    <ClInclude Include="..\src\ArtificialLife\genome\Genome.h">
      <Filter>artificial_life\genome</Filter>
    </ClInclude>
    <ClInclude Include="..\src\ArtificialLife\Camera.h">
      <Filter>artificial_life\Source Files</Filter>
    </ClInclude>
    <ClInclude Include="..\src\ArtificialLife\FittestList.h">
      <Filter>artificial_life\Source Files</Filter>
    </ClInclude>
    <ClInclude Include="..\src\ArtificialLife\Simulation.h">
      <Filter>artificial_life\Source Files</Filter>
    </ClInclude>
    <ClInclude Include="..\src\ArtificialLife\SimulationParams.h">
      <Filter>artificial_life\Source Files</Filter>
    </ClInclude>
    <ClInclude Include="..\src\ArtificialLife\WorldRenderer.h">
      <Filter>artificial_life\graphics</Filter>
    </ClInclude>
    <ClInclude Include="..\src\ArtificialLife\ReplayRecorder.h">
      <Filter>artificial_life\replays</Filter>
    </ClInclude>
    <ClInclude Include="..\src\ArtificialLife\brain\Nerve.h">
      <Filter>artificial_life\brain</Filter>
    </ClInclude>
    <ClInclude Include="..\src\ArtificialLife\brain\NervousSystem.h">
      <Filter>artificial_life\brain</Filter>
    </ClInclude>
  </ItemGroup>
</Project>